{
  "name": "hooks-test",
  "version": "0.1.0",
  "lockfileVersion": 1,
  "requires": true,
  "dependencies": {
    "@babel/runtime": {
      "version": "7.14.6",
      "resolved": "http://registry.m.jd.com/@babel/runtime/download/@babel/runtime-7.14.6.tgz",
      "integrity": "sha1-U1IDvAiS78fexgvcJ7Ls9uQJBi0=",
      "requires": {
        "regenerator-runtime": "^0.13.4"
      }
    },
    "@jdplus/pui": {
      "version": "1.0.4",
      "resolved": "http://registry.m.jd.com/@jdplus/pui/download/@jdplus/pui-1.0.4.tgz",
      "integrity": "sha1-AmlmcjvRgECeSteFpd5X1d/EfEM=",
      "requires": {
        "@types/classnames": "^2.2.10",
        "@types/react": "^16.9.35",
        "@types/react-dom": "^16.9.8",
        "@types/react-redux": "^7.1.8",
        "@types/react-router-dom": "^5.1.5",
        "classnames": "^2.2.6",
        "react": "^16.13.1",
        "react-dom": "^16.13.1",
        "react-redux": "^7.2.0",
        "react-router-dom": "^5.1.2"
      }
    },
    "@types/classnames": {
      "version": "2.3.1",
      "resolved": "http://registry.m.jd.com/@types/classnames/download/@types/classnames-2.3.1.tgz",
      "integrity": "sha1-PCRnqg8ak/HwIeO5vPk4vV39wN0=",
      "requires": {
        "classnames": "*"
      }
    },
    "@types/history": {
      "version": "4.7.9",
      "resolved": "http://registry.m.jd.com/@types/history/download/@types/history-4.7.9.tgz",
      "integrity": "sha1-HPttYO84IsWJ8Y5w+LEvmijOhyQ="
    },
    "@types/hoist-non-react-statics": {
      "version": "3.3.1",
      "resolved": "http://registry.m.jd.com/@types/hoist-non-react-statics/download/@types/hoist-non-react-statics-3.3.1.tgz",
      "integrity": "sha1-ESSq/lEYy1kZd66xzqrtEHDrA58=",
      "requires": {
        "@types/react": "*",
        "hoist-non-react-statics": "^3.3.0"
      }
    },
    "@types/prop-types": {
      "version": "15.7.4",
      "resolved": "http://registry.m.jd.com/@types/prop-types/download/@types/prop-types-15.7.4.tgz",
      "integrity": "sha1-/PcgXCXf95Xuea8eMNosl5CAjxE="
    },
    "@types/react": {
      "version": "16.14.11",
      "resolved": "http://registry.m.jd.com/@types/react/download/@types/react-16.14.11.tgz",
      "integrity": "sha1-mSoM1LZrnycxUEK12W6XZxc2jwQ=",
      "requires": {
        "@types/prop-types": "*",
        "@types/scheduler": "*",
        "csstype": "^3.0.2"
      }
    },
    "@types/react-dom": {
      "version": "16.9.14",
      "resolved": "http://registry.m.jd.com/@types/react-dom/download/@types/react-dom-16.9.14.tgz",
      "integrity": "sha1-Z0uPEWZF/lJmtAtSV3f8a7jrO80=",
      "requires": {
        "@types/react": "^16"
      }
    },
    "@types/react-redux": {
      "version": "7.1.18",
      "resolved": "http://registry.m.jd.com/@types/react-redux/download/@types/react-redux-7.1.18.tgz",
      "integrity": "sha1-K/j9Vuuq5nmpDr/+SP9zcXxDjgQ=",
      "requires": {
        "@types/hoist-non-react-statics": "^3.3.0",
        "@types/react": "*",
        "hoist-non-react-statics": "^3.3.0",
        "redux": "^4.0.0"
      }
    },
    "@types/react-router": {
      "version": "5.1.16",
      "resolved": "http://registry.m.jd.com/@types/react-router/download/@types/react-router-5.1.16.tgz",
      "integrity": "sha1-87oEX7lmNOOLIVMcSC+a6zdgipk=",
      "requires": {
        "@types/history": "*",
        "@types/react": "*"
      }
    },
    "@types/react-router-dom": {
      "version": "5.1.8",
      "resolved": "http://registry.m.jd.com/@types/react-router-dom/download/@types/react-router-dom-5.1.8.tgz",
      "integrity": "sha1-vz4cgUmz1i6qIG1YWZ3oLfAkEZI=",
      "requires": {
        "@types/history": "*",
        "@types/react": "*",
        "@types/react-router": "*"
      }
    },
    "@types/scheduler": {
      "version": "0.16.2",
      "resolved": "http://registry.m.jd.com/@types/scheduler/download/@types/scheduler-0.16.2.tgz",
      "integrity": "sha1-GmL4lSVyPd4kuhsBsJK/XfitTTk="
    },
    "asn1": {
      "version": "0.2.4",
      "resolved": "https://registry.npm.taobao.org/asn1/download/asn1-0.2.4.tgz",
      "integrity": "sha1-jSR136tVO7M+d7VOWeiAu4ziMTY=",
      "requires": {
        "safer-buffer": "~2.1.0"
      }
    },
    "classnames": {
      "version": "2.3.1",
      "resolved": "http://registry.m.jd.com/classnames/download/classnames-2.3.1.tgz",
      "integrity": "sha1-38+jiR4wbsHa0QXQ6I9EF7hTXo4="
    },
    "colors": {
      "version": "1.4.0",
      "resolved": "http://registry.m.jd.com/colors/download/colors-1.4.0.tgz",
      "integrity": "sha1-xQSRR51MG9rtLJztMs98fcI2D3g="
    },
    "csstype": {
      "version": "3.0.8",
      "resolved": "http://registry.m.jd.com/csstype/download/csstype-3.0.8.tgz",
      "integrity": "sha1-0iZqeScp+yJ80hb7Vy9Dco4a00A="
    },
    "ee-publish": {
      "version": "2.0.0",
      "resolved": "https://registry.npmjs.org/ee-publish/-/ee-publish-2.0.0.tgz",
      "integrity": "sha1-nMNtTd3H4zvfHohkxmzAlLYia9M=",
      "requires": {
        "colors": "^1.1.2",
        "fsk-readdir": "^1.1.4",
        "minimist": "^1.2.0",
        "ssh2": "^0.5.5"
      }
    },
    "fsk-readdir": {
      "version": "1.1.4",
      "resolved": "http://registry.m.jd.com/fsk-readdir/download/fsk-readdir-1.1.4.tgz",
      "integrity": "sha1-DnZ51Mju7bbpD4HxkOoplE1J0SA="
    },
    "history": {
      "version": "4.10.1",
      "resolved": "http://registry.m.jd.com/history/download/history-4.10.1.tgz",
      "integrity": "sha1-MzcaZeOoOyZ0NOKz87G0xYqtTPM=",
      "requires": {
        "@babel/runtime": "^7.1.2",
        "loose-envify": "^1.2.0",
        "resolve-pathname": "^3.0.0",
        "tiny-invariant": "^1.0.2",
        "tiny-warning": "^1.0.0",
        "value-equal": "^1.0.1"
      }
    },
    "hoist-non-react-statics": {
      "version": "3.3.2",
      "resolved": "http://registry.m.jd.com/hoist-non-react-statics/download/hoist-non-react-statics-3.3.2.tgz",
      "integrity": "sha1-7OCsr3HWLClpwuxZ/v9CpLGoW0U=",
      "requires": {
        "react-is": "^16.7.0"
      }
    },
    "isarray": {
      "version": "0.0.1",
      "resolved": "http://registry.m.jd.com/isarray/download/isarray-0.0.1.tgz",
      "integrity": "sha1-ihis/Kmo9Bd+Cav8YDiTmwXR7t8="
    },
    "js-tokens": {
      "version": "4.0.0",
      "resolved": "http://registry.m.jd.com/js-tokens/download/js-tokens-4.0.0.tgz",
      "integrity": "sha1-GSA/tZmR35jjoocFDUZHzerzJJk="
    },
    "loose-envify": {
      "version": "1.4.0",
      "resolved": "http://registry.m.jd.com/loose-envify/download/loose-envify-1.4.0.tgz",
      "integrity": "sha1-ce5R+nvkyuwaY4OffmgtgTLTDK8=",
      "requires": {
        "js-tokens": "^3.0.0 || ^4.0.0"
      }
    },
    "mini-create-react-context": {
      "version": "0.4.1",
      "resolved": "http://registry.m.jd.com/mini-create-react-context/download/mini-create-react-context-0.4.1.tgz",
      "integrity": "sha1-ByFxVhv9ySLaCKYMIZekl8wtHV4=",
      "requires": {
        "@babel/runtime": "^7.12.1",
        "tiny-warning": "^1.0.3"
      }
    },
    "minimist": {
      "version": "1.2.0",
      "resolved": "https://registry.npm.taobao.org/minimist/download/minimist-1.2.0.tgz",
      "integrity": "sha1-o1AIsg9BOD7sH7kU9M1d95omQoQ="
    },
    "object-assign": {
      "version": "4.1.1",
      "resolved": "http://registry.m.jd.com/object-assign/download/object-assign-4.1.1.tgz",
      "integrity": "sha1-IQmtx5ZYh8/AXLvUQsrIv7s2CGM="
    },
    "path-to-regexp": {
      "version": "1.8.0",
      "resolved": "http://registry.m.jd.com/path-to-regexp/download/path-to-regexp-1.8.0.tgz",
      "integrity": "sha1-iHs7qdhDk+h6CgufTLdWGYtTVIo=",
      "requires": {
        "isarray": "0.0.1"
      }
    },
    "prop-types": {
      "version": "15.7.2",
      "resolved": "http://registry.m.jd.com/prop-types/download/prop-types-15.7.2.tgz",
      "integrity": "sha1-UsQedbjIfnK52TYOAga5ncv/psU=",
      "requires": {
        "loose-envify": "^1.4.0",
        "object-assign": "^4.1.1",
        "react-is": "^16.8.1"
      }
    },
    "react": {
      "version": "16.14.0",
      "resolved": "http://registry.m.jd.com/react/download/react-16.14.0.tgz",
      "integrity": "sha1-lNd23dCqo32j7aj8W2sYpMmjEU0=",
      "requires": {
        "loose-envify": "^1.1.0",
        "object-assign": "^4.1.1",
        "prop-types": "^15.6.2"
      }
    },
    "react-dom": {
      "version": "16.14.0",
      "resolved": "http://registry.m.jd.com/react-dom/download/react-dom-16.14.0.tgz",
      "integrity": "sha1-etg47Cmnd/s8dcOhkPZhz5Kri4k=",
      "requires": {
        "loose-envify": "^1.1.0",
        "object-assign": "^4.1.1",
        "prop-types": "^15.6.2",
        "scheduler": "^0.19.1"
      }
    },
    "react-is": {
      "version": "16.13.1",
      "resolved": "http://registry.m.jd.com/react-is/download/react-is-16.13.1.tgz",
      "integrity": "sha1-eJcppNw23imZ3BVt1sHZwYzqVqQ="
    },
    "react-redux": {
      "version": "7.2.4",
      "resolved": "http://registry.m.jd.com/react-redux/download/react-redux-7.2.4.tgz",
      "integrity": "sha1-HrtHQDK3LYBt4uBRnNB3YeIi4iU=",
      "requires": {
        "@babel/runtime": "^7.12.1",
        "@types/react-redux": "^7.1.16",
        "hoist-non-react-statics": "^3.3.2",
        "loose-envify": "^1.4.0",
        "prop-types": "^15.7.2",
        "react-is": "^16.13.1"
      }
    },
    "react-router": {
      "version": "5.2.0",
      "resolved": "http://registry.m.jd.com/react-router/download/react-router-5.2.0.tgz",
      "integrity": "sha1-Qk51ZByodH+/duXsyml4GqN+opM=",
      "requires": {
        "@babel/runtime": "^7.1.2",
        "history": "^4.9.0",
        "hoist-non-react-statics": "^3.1.0",
        "loose-envify": "^1.3.1",
        "mini-create-react-context": "^0.4.0",
        "path-to-regexp": "^1.7.0",
        "prop-types": "^15.6.2",
        "react-is": "^16.6.0",
        "tiny-invariant": "^1.0.2",
        "tiny-warning": "^1.0.0"
      }
    },
    "react-router-dom": {
      "version": "5.2.0",
      "resolved": "http://registry.m.jd.com/react-router-dom/download/react-router-dom-5.2.0.tgz",
      "integrity": "sha1-nmWk0MReEyieZsexfH4XXQ6hVmI=",
      "requires": {
        "@babel/runtime": "^7.1.2",
        "history": "^4.9.0",
        "loose-envify": "^1.3.1",
        "prop-types": "^15.6.2",
        "react-router": "5.2.0",
        "tiny-invariant": "^1.0.2",
        "tiny-warning": "^1.0.0"
      }
    },
    "redux": {
      "version": "4.1.0",
      "resolved": "http://registry.m.jd.com/redux/download/redux-4.1.0.tgz",
      "integrity": "sha1-6wSWefL1I8N58a/zRchhLylMiNQ=",
      "requires": {
        "@babel/runtime": "^7.9.2"
      }
    },
    "regenerator-runtime": {
      "version": "0.13.7",
      "resolved": "http://registry.m.jd.com/regenerator-runtime/download/regenerator-runtime-0.13.7.tgz",
      "integrity": "sha1-ysLazIoepnX+qrrriugziYrkb1U="
    },
    "resolve-pathname": {
      "version": "3.0.0",
      "resolved": "http://registry.m.jd.com/resolve-pathname/download/resolve-pathname-3.0.0.tgz",
      "integrity": "sha1-mdAiJNPPJjaJvsuzk7xWAxMCXc0="
    },
    "safer-buffer": {
      "version": "2.1.2",
      "resolved": "https://registry.npm.taobao.org/safer-buffer/download/safer-buffer-2.1.2.tgz",
      "integrity": "sha1-RPoWGwGHuVSd2Eu5GAL5vYOFzWo="
    },
    "scheduler": {
      "version": "0.19.1",
      "resolved": "http://registry.m.jd.com/scheduler/download/scheduler-0.19.1.tgz",
      "integrity": "sha1-Tz4u0sGn1laB9MhU+oxaHMtA8ZY=",
      "requires": {
        "loose-envify": "^1.1.0",
        "object-assign": "^4.1.1"
      }
    },
    "ssh2": {
      "version": "0.5.5",
      "resolved": "http://registry.m.jd.com/ssh2/download/ssh2-0.5.5.tgz",
      "integrity": "sha1-x3gezS7OcwSiU89iD6taXCK7IjU=",
      "requires": {
        "ssh2-streams": "~0.1.18"
      }
    },
    "ssh2-streams": {
      "version": "0.1.20",
      "resolved": "http://registry.m.jd.com/ssh2-streams/download/ssh2-streams-0.1.20.tgz",
      "integrity": "sha1-URGNFUVV31Rp7h9n4M8efoosDjo=",
      "requires": {
        "asn1": "~0.2.0",
        "semver": "^5.1.0",
        "streamsearch": "~0.1.2"
      },
      "dependencies": {
        "semver": {
          "version": "5.7.1",
          "resolved": "http://registry.m.jd.com/semver/download/semver-5.7.1.tgz",
          "integrity": "sha1-qVT5Ma66UI0we78Gnv8MAclhFvc="
        }
      }
    },
    "streamsearch": {
      "version": "0.1.2",
      "resolved": "http://registry.m.jd.com/streamsearch/download/streamsearch-0.1.2.tgz",
      "integrity": "sha1-gIudDlb8Jz2Am6VzOOkpkZoanxo="
    },
    "tiny-invariant": {
      "version": "1.1.0",
      "resolved": "http://registry.m.jd.com/tiny-invariant/download/tiny-invariant-1.1.0.tgz",
      "integrity": "sha1-Y0xfjv3CdxS384bDXmdgmR0jCHU="
    },
    "tiny-warning": {
      "version": "1.0.3",
      "resolved": "http://registry.m.jd.com/tiny-warning/download/tiny-warning-1.0.3.tgz",
      "integrity": "sha1-lKMNtFPfTGQ9D9VmBg1gqHXYR1Q="
    },
    "value-equal": {
      "version": "1.0.1",
      "resolved": "http://registry.m.jd.com/value-equal/download/value-equal-1.0.1.tgz",
      "integrity": "sha1-Hgt5THNMXAyt4XnEN9NW2TGjTWw="
    }
  }
}
