{
  "name": "hooks-test",
  "version": "0.1.0",
  "lockfileVersion": 1,
  "requires": true,
  "dependencies": {
    "asn1": {
      "version": "0.2.4",
      "resolved": "https://registry.npm.taobao.org/asn1/download/asn1-0.2.4.tgz",
      "integrity": "sha1-jSR136tVO7M+d7VOWeiAu4ziMTY=",
      "requires": {
        "safer-buffer": "~2.1.0"
      }
    },
    "colors": {
      "version": "1.4.0",
      "resolved": "http://registry.m.jd.com/colors/download/colors-1.4.0.tgz",
      "integrity": "sha1-xQSRR51MG9rtLJztMs98fcI2D3g="
    },
    "ee-publish": {
      "version": "2.0.0",
      "resolved": "https://registry.npmjs.org/ee-publish/-/ee-publish-2.0.0.tgz",
      "integrity": "sha1-nMNtTd3H4zvfHohkxmzAlLYia9M=",
      "requires": {
        "colors": "^1.1.2",
        "fsk-readdir": "^1.1.4",
        "minimist": "^1.2.0",
        "ssh2": "^0.5.5"
      }
    },
    "fsk-readdir": {
      "version": "1.1.4",
      "resolved": "http://registry.m.jd.com/fsk-readdir/download/fsk-readdir-1.1.4.tgz",
      "integrity": "sha1-DnZ51Mju7bbpD4HxkOoplE1J0SA="
    },
    "minimist": {
      "version": "1.2.0",
      "resolved": "https://registry.npm.taobao.org/minimist/download/minimist-1.2.0.tgz",
      "integrity": "sha1-o1AIsg9BOD7sH7kU9M1d95omQoQ="
    },
    "safer-buffer": {
      "version": "2.1.2",
      "resolved": "https://registry.npm.taobao.org/safer-buffer/download/safer-buffer-2.1.2.tgz",
      "integrity": "sha1-RPoWGwGHuVSd2Eu5GAL5vYOFzWo="
    },
    "ssh2": {
      "version": "0.5.5",
      "resolved": "http://registry.m.jd.com/ssh2/download/ssh2-0.5.5.tgz",
      "integrity": "sha1-x3gezS7OcwSiU89iD6taXCK7IjU=",
      "requires": {
        "ssh2-streams": "~0.1.18"
      }
    },
    "ssh2-streams": {
      "version": "0.1.20",
      "resolved": "http://registry.m.jd.com/ssh2-streams/download/ssh2-streams-0.1.20.tgz",
      "integrity": "sha1-URGNFUVV31Rp7h9n4M8efoosDjo=",
      "requires": {
        "asn1": "~0.2.0",
        "semver": "^5.1.0",
        "streamsearch": "~0.1.2"
      },
      "dependencies": {
        "semver": {
          "version": "5.7.1",
          "resolved": "http://registry.m.jd.com/semver/download/semver-5.7.1.tgz",
          "integrity": "sha1-qVT5Ma66UI0we78Gnv8MAclhFvc="
        }
      }
    },
    "streamsearch": {
      "version": "0.1.2",
      "resolved": "http://registry.m.jd.com/streamsearch/download/streamsearch-0.1.2.tgz",
      "integrity": "sha1-gIudDlb8Jz2Am6VzOOkpkZoanxo="
    }
  }
}
